PODS:
  - Alamofire (4.8.0)
  - Braintree/Card (4.21.0):
    - Braintree/Core
  - Braintree/Core (4.21.0)
  - Braintree/PaymentFlow (4.21.0):
    - Braintree/Card
    - Braintree/Core
    - Braintree/PayPalOneTouch
  - Braintree/PayPal (4.21.0):
    - Braintree/Core
    - Braintree/PayPalOneTouch
  - Braintree/PayPalDataCollector (4.21.0):
    - Braintree/Core
    - Braintree/PayPalUtils
  - Braintree/PayPalOneTouch (4.21.0):
    - Braintree/Core
    - Braintree/PayPalDataCollector
    - Braintree/PayPalUtils
  - Braintree/PayPalUtils (4.21.0)
  - Braintree/UnionPay (4.21.0):
    - Braintree/Card
    - Braintree/Core
  - BraintreeDropIn (7.0.0):
    - BraintreeDropIn/DropIn (= 7.0.0)
  - BraintreeDropIn/DropIn (7.0.0):
    - Braintree/Card (~> 4.17)
    - Braintree/Core (~> 4.17)
    - Braintree/PaymentFlow (~> 4.17)
    - Braintree/PayPal (~> 4.17)
    - Braintree/UnionPay (~> 4.17)
    - BraintreeDropIn/UIKit
  - BraintreeDropIn/UIKit (7.0.0)
  - CardIO (5.4.1)

DEPENDENCIES:
  - Alamofire (~> 4.8)
  - BraintreeDropIn
  - CardIO

SPEC REPOS:
  https://github.com/cocoapods/specs.git:
    - Alamofire
    - Braintree
    - BraintreeDropIn
    - CardIO

SPEC CHECKSUMS:
  Alamofire: 3ec537f71edc9804815215393ae2b1a8ea33a844
  Braintree: 1659b7e4f28a667eb65427f211933776ec5ea212
  BraintreeDropIn: 7eb460717213ae39a3b457c90671f9975747dcab
  CardIO: 56983b39b62f495fc6dae9ad7cf875143df06443

PODFILE CHECKSUM: 4cf63fc1b318bc724d7fb19385e7a25d8a173e3d

COCOAPODS: 1.5.3
