PODS:
  - Braintree/Card (4.21.0):
    - Braintree/Core
  - Braintree/Core (4.21.0)
  - Braintree/PaymentFlow (4.21.0):
    - Braintree/Card
    - Braintree/Core
    - Braintree/PayPalOneTouch
  - Braintree/PayPalDataCollector (4.21.0):
    - Braintree/Core
    - Braintree/PayPalUtils
  - Braintree/PayPalOneTouch (4.21.0):
    - Braintree/Core
    - Braintree/PayPalDataCollector
    - Braintree/PayPalUtils
  - Braintree/PayPalUtils (4.21.0)
  - Braintree/UnionPay (4.21.0):
    - Braintree/Card
    - Braintree/Core
  - BraintreeDropIn (6.5.0):
    - BraintreeDropIn/DropIn (= 6.5.0)
  - BraintreeDropIn/DropIn (6.5.0):
    - Braintree/Card (~> 4.17)
    - Braintree/Core (~> 4.17)
    - Braintree/PaymentFlow (~> 4.17)
    - Braintree/UnionPay (~> 4.17)
    - BraintreeDropIn/UIKit
  - BraintreeDropIn/UIKit (6.5.0)
  - CardIO (5.4.1)

DEPENDENCIES:
  - BraintreeDropIn (~> 6.0)
  - CardIO

SPEC REPOS:
  https://github.com/cocoapods/specs.git:
    - Braintree
    - BraintreeDropIn
    - CardIO

SPEC CHECKSUMS:
  Braintree: 1659b7e4f28a667eb65427f211933776ec5ea212
  BraintreeDropIn: e141f6c1b49f0e3dd68ca00ccf6bb3031cc5e164
  CardIO: 56983b39b62f495fc6dae9ad7cf875143df06443

PODFILE CHECKSUM: aab280ab3698fd954967aa2039360996a42df8f5

COCOAPODS: 1.5.3
